
Microsoft Visual Studio Solution File, Format Version 12.00
# Visual Studio Version 16
VisualStudioVersion = 16.0.30204.135
MinimumVisualStudioVersion = 10.0.40219.1
Project("{FAE04EC0-301F-11D3-BF4B-00C04F79EFBC}") = "TouchEffectBug.UWP", "TouchEffectBug\TouchEffectBug.UWP\TouchEffectBug.UWP.csproj", "{9848AD96-0BFE-41CF-8035-DBD4344DAE8E}"
EndProject
Project("{FAE04EC0-301F-11D3-BF4B-00C04F79EFBC}") = "TouchEffectBug.Android", "TouchEffectBug\TouchEffectBug.Android\TouchEffectBug.Android.csproj", "{B847439D-1CB4-47D1-819D-395C1CDAC67A}"
EndProject
Project("{FAE04EC0-301F-11D3-BF4B-00C04F79EFBC}") = "TouchEffectBug.iOS", "TouchEffectBug\TouchEffectBug.iOS\TouchEffectBug.iOS.csproj", "{DCCBDA5F-240E-4127-B33D-392789954382}"
EndProject
Project("{FAE04EC0-301F-11D3-BF4B-00C04F79EFBC}") = "TouchEffectBug", "TouchEffectBug\TouchEffectBug\TouchEffectBug.csproj", "{E95C4245-11D9-40EF-9F1F-112594412F2B}"
EndProject
Global
	GlobalSection(SolutionConfigurationPlatforms) = preSolution
		Debug|Any CPU = Debug|Any CPU
		Debug|ARM = Debug|ARM
		Debug|iPhone = Debug|iPhone
		Debug|iPhoneSimulator = Debug|iPhoneSimulator
		Debug|x64 = Debug|x64
		Debug|x86 = Debug|x86
		Release|Any CPU = Release|Any CPU
		Release|ARM = Release|ARM
		Release|iPhone = Release|iPhone
		Release|iPhoneSimulator = Release|iPhoneSimulator
		Release|x64 = Release|x64
		Release|x86 = Release|x86
	EndGlobalSection
	GlobalSection(ProjectConfigurationPlatforms) = postSolution
		{9848AD96-0BFE-41CF-8035-DBD4344DAE8E}.Debug|Any CPU.ActiveCfg = Debug|x86
		{9848AD96-0BFE-41CF-8035-DBD4344DAE8E}.Debug|Any CPU.Build.0 = Debug|x86
		{9848AD96-0BFE-41CF-8035-DBD4344DAE8E}.Debug|Any CPU.Deploy.0 = Debug|x86
		{9848AD96-0BFE-41CF-8035-DBD4344DAE8E}.Debug|ARM.ActiveCfg = Debug|ARM
		{9848AD96-0BFE-41CF-8035-DBD4344DAE8E}.Debug|ARM.Build.0 = Debug|ARM
		{9848AD96-0BFE-41CF-8035-DBD4344DAE8E}.Debug|ARM.Deploy.0 = Debug|ARM
		{9848AD96-0BFE-41CF-8035-DBD4344DAE8E}.Debug|iPhone.ActiveCfg = Debug|x86
		{9848AD96-0BFE-41CF-8035-DBD4344DAE8E}.Debug|iPhone.Build.0 = Debug|x86
		{9848AD96-0BFE-41CF-8035-DBD4344DAE8E}.Debug|iPhone.Deploy.0 = Debug|x86
		{9848AD96-0BFE-41CF-8035-DBD4344DAE8E}.Debug|iPhoneSimulator.ActiveCfg = Debug|x86
		{9848AD96-0BFE-41CF-8035-DBD4344DAE8E}.Debug|iPhoneSimulator.Build.0 = Debug|x86
		{9848AD96-0BFE-41CF-8035-DBD4344DAE8E}.Debug|iPhoneSimulator.Deploy.0 = Debug|x86
		{9848AD96-0BFE-41CF-8035-DBD4344DAE8E}.Debug|x64.ActiveCfg = Debug|x64
		{9848AD96-0BFE-41CF-8035-DBD4344DAE8E}.Debug|x64.Build.0 = Debug|x64
		{9848AD96-0BFE-41CF-8035-DBD4344DAE8E}.Debug|x64.Deploy.0 = Debug|x64
		{9848AD96-0BFE-41CF-8035-DBD4344DAE8E}.Debug|x86.ActiveCfg = Debug|x86
		{9848AD96-0BFE-41CF-8035-DBD4344DAE8E}.Debug|x86.Build.0 = Debug|x86
		{9848AD96-0BFE-41CF-8035-DBD4344DAE8E}.Debug|x86.Deploy.0 = Debug|x86
		{9848AD96-0BFE-41CF-8035-DBD4344DAE8E}.Release|Any CPU.ActiveCfg = Release|x86
		{9848AD96-0BFE-41CF-8035-DBD4344DAE8E}.Release|Any CPU.Build.0 = Release|x86
		{9848AD96-0BFE-41CF-8035-DBD4344DAE8E}.Release|Any CPU.Deploy.0 = Release|x86
		{9848AD96-0BFE-41CF-8035-DBD4344DAE8E}.Release|ARM.ActiveCfg = Release|ARM
		{9848AD96-0BFE-41CF-8035-DBD4344DAE8E}.Release|ARM.Build.0 = Release|ARM
		{9848AD96-0BFE-41CF-8035-DBD4344DAE8E}.Release|ARM.Deploy.0 = Release|ARM
		{9848AD96-0BFE-41CF-8035-DBD4344DAE8E}.Release|iPhone.ActiveCfg = Release|x86
		{9848AD96-0BFE-41CF-8035-DBD4344DAE8E}.Release|iPhone.Build.0 = Release|x86
		{9848AD96-0BFE-41CF-8035-DBD4344DAE8E}.Release|iPhone.Deploy.0 = Release|x86
		{9848AD96-0BFE-41CF-8035-DBD4344DAE8E}.Release|iPhoneSimulator.ActiveCfg = Release|x86
		{9848AD96-0BFE-41CF-8035-DBD4344DAE8E}.Release|iPhoneSimulator.Build.0 = Release|x86
		{9848AD96-0BFE-41CF-8035-DBD4344DAE8E}.Release|iPhoneSimulator.Deploy.0 = Release|x86
		{9848AD96-0BFE-41CF-8035-DBD4344DAE8E}.Release|x64.ActiveCfg = Release|x64
		{9848AD96-0BFE-41CF-8035-DBD4344DAE8E}.Release|x64.Build.0 = Release|x64
		{9848AD96-0BFE-41CF-8035-DBD4344DAE8E}.Release|x64.Deploy.0 = Release|x64
		{9848AD96-0BFE-41CF-8035-DBD4344DAE8E}.Release|x86.ActiveCfg = Release|x86
		{9848AD96-0BFE-41CF-8035-DBD4344DAE8E}.Release|x86.Build.0 = Release|x86
		{9848AD96-0BFE-41CF-8035-DBD4344DAE8E}.Release|x86.Deploy.0 = Release|x86
		{B847439D-1CB4-47D1-819D-395C1CDAC67A}.Debug|Any CPU.ActiveCfg = Debug|Any CPU
		{B847439D-1CB4-47D1-819D-395C1CDAC67A}.Debug|Any CPU.Build.0 = Debug|Any CPU
		{B847439D-1CB4-47D1-819D-395C1CDAC67A}.Debug|Any CPU.Deploy.0 = Debug|Any CPU
		{B847439D-1CB4-47D1-819D-395C1CDAC67A}.Debug|ARM.ActiveCfg = Debug|Any CPU
		{B847439D-1CB4-47D1-819D-395C1CDAC67A}.Debug|ARM.Build.0 = Debug|Any CPU
		{B847439D-1CB4-47D1-819D-395C1CDAC67A}.Debug|ARM.Deploy.0 = Debug|Any CPU
		{B847439D-1CB4-47D1-819D-395C1CDAC67A}.Debug|iPhone.ActiveCfg = Debug|Any CPU
		{B847439D-1CB4-47D1-819D-395C1CDAC67A}.Debug|iPhone.Build.0 = Debug|Any CPU
		{B847439D-1CB4-47D1-819D-395C1CDAC67A}.Debug|iPhone.Deploy.0 = Debug|Any CPU
		{B847439D-1CB4-47D1-819D-395C1CDAC67A}.Debug|iPhoneSimulator.ActiveCfg = Debug|Any CPU
		{B847439D-1CB4-47D1-819D-395C1CDAC67A}.Debug|iPhoneSimulator.Build.0 = Debug|Any CPU
		{B847439D-1CB4-47D1-819D-395C1CDAC67A}.Debug|iPhoneSimulator.Deploy.0 = Debug|Any CPU
		{B847439D-1CB4-47D1-819D-395C1CDAC67A}.Debug|x64.ActiveCfg = Debug|Any CPU
		{B847439D-1CB4-47D1-819D-395C1CDAC67A}.Debug|x64.Build.0 = Debug|Any CPU
		{B847439D-1CB4-47D1-819D-395C1CDAC67A}.Debug|x64.Deploy.0 = Debug|Any CPU
		{B847439D-1CB4-47D1-819D-395C1CDAC67A}.Debug|x86.ActiveCfg = Debug|Any CPU
		{B847439D-1CB4-47D1-819D-395C1CDAC67A}.Debug|x86.Build.0 = Debug|Any CPU
		{B847439D-1CB4-47D1-819D-395C1CDAC67A}.Debug|x86.Deploy.0 = Debug|Any CPU
		{B847439D-1CB4-47D1-819D-395C1CDAC67A}.Release|Any CPU.ActiveCfg = Release|Any CPU
		{B847439D-1CB4-47D1-819D-395C1CDAC67A}.Release|Any CPU.Build.0 = Release|Any CPU
		{B847439D-1CB4-47D1-819D-395C1CDAC67A}.Release|Any CPU.Deploy.0 = Release|Any CPU
		{B847439D-1CB4-47D1-819D-395C1CDAC67A}.Release|ARM.ActiveCfg = Release|Any CPU
		{B847439D-1CB4-47D1-819D-395C1CDAC67A}.Release|ARM.Build.0 = Release|Any CPU
		{B847439D-1CB4-47D1-819D-395C1CDAC67A}.Release|ARM.Deploy.0 = Release|Any CPU
		{B847439D-1CB4-47D1-819D-395C1CDAC67A}.Release|iPhone.ActiveCfg = Release|Any CPU
		{B847439D-1CB4-47D1-819D-395C1CDAC67A}.Release|iPhone.Build.0 = Release|Any CPU
		{B847439D-1CB4-47D1-819D-395C1CDAC67A}.Release|iPhone.Deploy.0 = Release|Any CPU
		{B847439D-1CB4-47D1-819D-395C1CDAC67A}.Release|iPhoneSimulator.ActiveCfg = Release|Any CPU
		{B847439D-1CB4-47D1-819D-395C1CDAC67A}.Release|iPhoneSimulator.Build.0 = Release|Any CPU
		{B847439D-1CB4-47D1-819D-395C1CDAC67A}.Release|iPhoneSimulator.Deploy.0 = Release|Any CPU
		{B847439D-1CB4-47D1-819D-395C1CDAC67A}.Release|x64.ActiveCfg = Release|Any CPU
		{B847439D-1CB4-47D1-819D-395C1CDAC67A}.Release|x64.Build.0 = Release|Any CPU
		{B847439D-1CB4-47D1-819D-395C1CDAC67A}.Release|x64.Deploy.0 = Release|Any CPU
		{B847439D-1CB4-47D1-819D-395C1CDAC67A}.Release|x86.ActiveCfg = Release|Any CPU
		{B847439D-1CB4-47D1-819D-395C1CDAC67A}.Release|x86.Build.0 = Release|Any CPU
		{B847439D-1CB4-47D1-819D-395C1CDAC67A}.Release|x86.Deploy.0 = Release|Any CPU
		{DCCBDA5F-240E-4127-B33D-392789954382}.Debug|Any CPU.ActiveCfg = Debug|iPhone
		{DCCBDA5F-240E-4127-B33D-392789954382}.Debug|Any CPU.Build.0 = Debug|iPhone
		{DCCBDA5F-240E-4127-B33D-392789954382}.Debug|Any CPU.Deploy.0 = Debug|iPhone
		{DCCBDA5F-240E-4127-B33D-392789954382}.Debug|ARM.ActiveCfg = Debug|iPhone
		{DCCBDA5F-240E-4127-B33D-392789954382}.Debug|ARM.Build.0 = Debug|iPhone
		{DCCBDA5F-240E-4127-B33D-392789954382}.Debug|ARM.Deploy.0 = Debug|iPhone
		{DCCBDA5F-240E-4127-B33D-392789954382}.Debug|iPhone.ActiveCfg = Debug|iPhone
		{DCCBDA5F-240E-4127-B33D-392789954382}.Debug|iPhone.Build.0 = Debug|iPhone
		{DCCBDA5F-240E-4127-B33D-392789954382}.Debug|iPhone.Deploy.0 = Debug|iPhone
		{DCCBDA5F-240E-4127-B33D-392789954382}.Debug|iPhoneSimulator.ActiveCfg = Debug|iPhoneSimulator
		{DCCBDA5F-240E-4127-B33D-392789954382}.Debug|iPhoneSimulator.Build.0 = Debug|iPhoneSimulator
		{DCCBDA5F-240E-4127-B33D-392789954382}.Debug|iPhoneSimulator.Deploy.0 = Debug|iPhoneSimulator
		{DCCBDA5F-240E-4127-B33D-392789954382}.Debug|x64.ActiveCfg = Debug|iPhone
		{DCCBDA5F-240E-4127-B33D-392789954382}.Debug|x64.Build.0 = Debug|iPhone
		{DCCBDA5F-240E-4127-B33D-392789954382}.Debug|x64.Deploy.0 = Debug|iPhone
		{DCCBDA5F-240E-4127-B33D-392789954382}.Debug|x86.ActiveCfg = Debug|iPhone
		{DCCBDA5F-240E-4127-B33D-392789954382}.Debug|x86.Build.0 = Debug|iPhone
		{DCCBDA5F-240E-4127-B33D-392789954382}.Debug|x86.Deploy.0 = Debug|iPhone
		{DCCBDA5F-240E-4127-B33D-392789954382}.Release|Any CPU.ActiveCfg = Release|iPhone
		{DCCBDA5F-240E-4127-B33D-392789954382}.Release|Any CPU.Build.0 = Release|iPhone
		{DCCBDA5F-240E-4127-B33D-392789954382}.Release|Any CPU.Deploy.0 = Release|iPhone
		{DCCBDA5F-240E-4127-B33D-392789954382}.Release|ARM.ActiveCfg = Release|iPhone
		{DCCBDA5F-240E-4127-B33D-392789954382}.Release|ARM.Build.0 = Release|iPhone
		{DCCBDA5F-240E-4127-B33D-392789954382}.Release|ARM.Deploy.0 = Release|iPhone
		{DCCBDA5F-240E-4127-B33D-392789954382}.Release|iPhone.ActiveCfg = Release|iPhone
		{DCCBDA5F-240E-4127-B33D-392789954382}.Release|iPhone.Build.0 = Release|iPhone
		{DCCBDA5F-240E-4127-B33D-392789954382}.Release|iPhone.Deploy.0 = Release|iPhone
		{DCCBDA5F-240E-4127-B33D-392789954382}.Release|iPhoneSimulator.ActiveCfg = Release|iPhoneSimulator
		{DCCBDA5F-240E-4127-B33D-392789954382}.Release|iPhoneSimulator.Build.0 = Release|iPhoneSimulator
		{DCCBDA5F-240E-4127-B33D-392789954382}.Release|iPhoneSimulator.Deploy.0 = Release|iPhoneSimulator
		{DCCBDA5F-240E-4127-B33D-392789954382}.Release|x64.ActiveCfg = Release|iPhone
		{DCCBDA5F-240E-4127-B33D-392789954382}.Release|x64.Build.0 = Release|iPhone
		{DCCBDA5F-240E-4127-B33D-392789954382}.Release|x64.Deploy.0 = Release|iPhone
		{DCCBDA5F-240E-4127-B33D-392789954382}.Release|x86.ActiveCfg = Release|iPhone
		{DCCBDA5F-240E-4127-B33D-392789954382}.Release|x86.Build.0 = Release|iPhone
		{DCCBDA5F-240E-4127-B33D-392789954382}.Release|x86.Deploy.0 = Release|iPhone
		{E95C4245-11D9-40EF-9F1F-112594412F2B}.Debug|Any CPU.ActiveCfg = Debug|Any CPU
		{E95C4245-11D9-40EF-9F1F-112594412F2B}.Debug|Any CPU.Build.0 = Debug|Any CPU
		{E95C4245-11D9-40EF-9F1F-112594412F2B}.Debug|Any CPU.Deploy.0 = Debug|Any CPU
		{E95C4245-11D9-40EF-9F1F-112594412F2B}.Debug|ARM.ActiveCfg = Debug|Any CPU
		{E95C4245-11D9-40EF-9F1F-112594412F2B}.Debug|ARM.Build.0 = Debug|Any CPU
		{E95C4245-11D9-40EF-9F1F-112594412F2B}.Debug|ARM.Deploy.0 = Debug|Any CPU
		{E95C4245-11D9-40EF-9F1F-112594412F2B}.Debug|iPhone.ActiveCfg = Debug|Any CPU
		{E95C4245-11D9-40EF-9F1F-112594412F2B}.Debug|iPhone.Build.0 = Debug|Any CPU
		{E95C4245-11D9-40EF-9F1F-112594412F2B}.Debug|iPhone.Deploy.0 = Debug|Any CPU
		{E95C4245-11D9-40EF-9F1F-112594412F2B}.Debug|iPhoneSimulator.ActiveCfg = Debug|Any CPU
		{E95C4245-11D9-40EF-9F1F-112594412F2B}.Debug|iPhoneSimulator.Build.0 = Debug|Any CPU
		{E95C4245-11D9-40EF-9F1F-112594412F2B}.Debug|iPhoneSimulator.Deploy.0 = Debug|Any CPU
		{E95C4245-11D9-40EF-9F1F-112594412F2B}.Debug|x64.ActiveCfg = Debug|Any CPU
		{E95C4245-11D9-40EF-9F1F-112594412F2B}.Debug|x64.Build.0 = Debug|Any CPU
		{E95C4245-11D9-40EF-9F1F-112594412F2B}.Debug|x64.Deploy.0 = Debug|Any CPU
		{E95C4245-11D9-40EF-9F1F-112594412F2B}.Debug|x86.ActiveCfg = Debug|Any CPU
		{E95C4245-11D9-40EF-9F1F-112594412F2B}.Debug|x86.Build.0 = Debug|Any CPU
		{E95C4245-11D9-40EF-9F1F-112594412F2B}.Debug|x86.Deploy.0 = Debug|Any CPU
		{E95C4245-11D9-40EF-9F1F-112594412F2B}.Release|Any CPU.ActiveCfg = Release|Any CPU
		{E95C4245-11D9-40EF-9F1F-112594412F2B}.Release|Any CPU.Build.0 = Release|Any CPU
		{E95C4245-11D9-40EF-9F1F-112594412F2B}.Release|Any CPU.Deploy.0 = Release|Any CPU
		{E95C4245-11D9-40EF-9F1F-112594412F2B}.Release|ARM.ActiveCfg = Release|Any CPU
		{E95C4245-11D9-40EF-9F1F-112594412F2B}.Release|ARM.Build.0 = Release|Any CPU
		{E95C4245-11D9-40EF-9F1F-112594412F2B}.Release|ARM.Deploy.0 = Release|Any CPU
		{E95C4245-11D9-40EF-9F1F-112594412F2B}.Release|iPhone.ActiveCfg = Release|Any CPU
		{E95C4245-11D9-40EF-9F1F-112594412F2B}.Release|iPhone.Build.0 = Release|Any CPU
		{E95C4245-11D9-40EF-9F1F-112594412F2B}.Release|iPhone.Deploy.0 = Release|Any CPU
		{E95C4245-11D9-40EF-9F1F-112594412F2B}.Release|iPhoneSimulator.ActiveCfg = Release|Any CPU
		{E95C4245-11D9-40EF-9F1F-112594412F2B}.Release|iPhoneSimulator.Build.0 = Release|Any CPU
		{E95C4245-11D9-40EF-9F1F-112594412F2B}.Release|iPhoneSimulator.Deploy.0 = Release|Any CPU
		{E95C4245-11D9-40EF-9F1F-112594412F2B}.Release|x64.ActiveCfg = Release|Any CPU
		{E95C4245-11D9-40EF-9F1F-112594412F2B}.Release|x64.Build.0 = Release|Any CPU
		{E95C4245-11D9-40EF-9F1F-112594412F2B}.Release|x64.Deploy.0 = Release|Any CPU
		{E95C4245-11D9-40EF-9F1F-112594412F2B}.Release|x86.ActiveCfg = Release|Any CPU
		{E95C4245-11D9-40EF-9F1F-112594412F2B}.Release|x86.Build.0 = Release|Any CPU
		{E95C4245-11D9-40EF-9F1F-112594412F2B}.Release|x86.Deploy.0 = Release|Any CPU
	EndGlobalSection
	GlobalSection(SolutionProperties) = preSolution
		HideSolutionNode = FALSE
	EndGlobalSection
	GlobalSection(ExtensibilityGlobals) = postSolution
		SolutionGuid = {CA887CD1-DAB4-4C55-B003-B56631671C3C}
	EndGlobalSection
EndGlobal
